// !$*UTF8*$!
{
	archiveVersion = 1;
	classes = {
	};
	objectVersion = 46;
	objects = {

/* Begin PBXBuildFile section */
		398C52701B72FED700C04DC0 /* Array+Util.swift in Sources */ = {isa = PBXBuildFile; fileRef = 398C526F1B72FED700C04DC0 /* Array+Util.swift */; };
		39990E111B79B49300CF6461 /* OrderedMap.swift in Sources */ = {isa = PBXBuildFile; fileRef = 39990E101B79B49300CF6461 /* OrderedMap.swift */; };
		39D203601B705B5C008975F2 /* main.swift in Sources */ = {isa = PBXBuildFile; fileRef = 39D2035F1B705B5C008975F2 /* main.swift */; };
		39D203671B705BCC008975F2 /* OArray.swift in Sources */ = {isa = PBXBuildFile; fileRef = 39D203661B705BCC008975F2 /* OArray.swift */; };
/* End PBXBuildFile section */

/* Begin PBXCopyFilesBuildPhase section */
		39D2035A1B705B5C008975F2 /* CopyFiles */ = {
			isa = PBXCopyFilesBuildPhase;
			buildActionMask = 2147483647;
			dstPath = /usr/share/man/man1/;
			dstSubfolderSpec = 0;
			files = (
			);
			runOnlyForDeploymentPostprocessing = 1;
		};
/* End PBXCopyFilesBuildPhase section */

/* Begin PBXFileReference section */
		398C526F1B72FED700C04DC0 /* Array+Util.swift */ = {isa = PBXFileReference; fileEncoding = 4; lastKnownFileType = sourcecode.swift; name = "Array+Util.swift"; path = "../../../MacOSX/AndroidIconManager/Test.playground/Sources/Array+Util.swift"; sourceTree = "<group>"; };
		39990E101B79B49300CF6461 /* OrderedMap.swift */ = {isa = PBXFileReference; fileEncoding = 4; lastKnownFileType = sourcecode.swift; path = OrderedMap.swift; sourceTree = "<group>"; };
		39D2035C1B705B5C008975F2 /* CustomArrayAndDictionary */ = {isa = PBXFileReference; explicitFileType = "compiled.mach-o.executable"; includeInIndex = 0; path = CustomArrayAndDictionary; sourceTree = BUILT_PRODUCTS_DIR; };
		39D2035F1B705B5C008975F2 /* main.swift */ = {isa = PBXFileReference; lastKnownFileType = sourcecode.swift; path = main.swift; sourceTree = "<group>"; };
		39D203661B705BCC008975F2 /* OArray.swift */ = {isa = PBXFileReference; fileEncoding = 4; lastKnownFileType = sourcecode.swift; path = OArray.swift; sourceTree = "<group>"; };
/* End PBXFileReference section */

/* Begin PBXFrameworksBuildPhase section */
		39D203591B705B5C008975F2 /* Frameworks */ = {
			isa = PBXFrameworksBuildPhase;
			buildActionMask = 2147483647;
			files = (
			);
			runOnlyForDeploymentPostprocessing = 0;
		};
/* End PBXFrameworksBuildPhase section */

/* Begin PBXGroup section */
		39D203531B705B5C008975F2 = {
			isa = PBXGroup;
			children = (
				39D2035E1B705B5C008975F2 /* CustomArrayAndDictionary */,
				39D2035D1B705B5C008975F2 /* Products */,
			);
			sourceTree = "<group>";
		};
		39D2035D1B705B5C008975F2 /* Products */ = {
			isa = PBXGroup;
			children = (
				39D2035C1B705B5C008975F2 /* CustomArrayAndDictionary */,
			);
			name = Products;
			sourceTree = "<group>";
		};
		39D2035E1B705B5C008975F2 /* CustomArrayAndDictionary */ = {
			isa = PBXGroup;
			children = (
				39D2035F1B705B5C008975F2 /* main.swift */,
				39D203661B705BCC008975F2 /* OArray.swift */,
				39990E101B79B49300CF6461 /* OrderedMap.swift */,
				398C526F1B72FED700C04DC0 /* Array+Util.swift */,
			);
			path = CustomArrayAndDictionary;
			sourceTree = "<group>";
		};
/* End PBXGroup section */

/* Begin PBXNativeTarget section */
		39D2035B1B705B5C008975F2 /* CustomArrayAndDictionary */ = {
			isa = PBXNativeTarget;
			buildConfigurationList = 39D203631B705B5C008975F2 /* Build configuration list for PBXNativeTarget "CustomArrayAndDictionary" */;
			buildPhases = (
				39D203581B705B5C008975F2 /* Sources */,
				39D203591B705B5C008975F2 /* Frameworks */,
				39D2035A1B705B5C008975F2 /* CopyFiles */,
			);
			buildRules = (
			);
			dependencies = (
			);
			name = CustomArrayAndDictionary;
			productName = CustomArrayAndDictionary;
			productReference = 39D2035C1B705B5C008975F2 /* CustomArrayAndDictionary */;
			productType = "com.apple.product-type.tool";
		};
/* End PBXNativeTarget section */

/* Begin PBXProject section */
		39D203541B705B5C008975F2 /* Project object */ = {
			isa = PBXProject;
			attributes = {
				LastUpgradeCheck = 0700;
				ORGANIZATIONNAME = "慧趣小歪";
				TargetAttributes = {
					39D2035B1B705B5C008975F2 = {
						CreatedOnToolsVersion = 7.0;
					};
				};
			};
			buildConfigurationList = 39D203571B705B5C008975F2 /* Build configuration list for PBXProject "CustomArrayAndDictionary" */;
			compatibilityVersion = "Xcode 3.2";
			developmentRegion = English;
			hasScannedForEncodings = 0;
			knownRegions = (
				en,
			);
			mainGroup = 39D203531B705B5C008975F2;
			productRefGroup = 39D2035D1B705B5C008975F2 /* Products */;
			projectDirPath = "";
			projectRoot = "";
			targets = (
				39D2035B1B705B5C008975F2 /* CustomArrayAndDictionary */,
			);
		};
/* End PBXProject section */

/* Begin PBXSourcesBuildPhase section */
		39D203581B705B5C008975F2 /* Sources */ = {
			isa = PBXSourcesBuildPhase;
			buildActionMask = 2147483647;
			files = (
				39D203601B705B5C008975F2 /* main.swift in Sources */,
				39990E111B79B49300CF6461 /* OrderedMap.swift in Sources */,
				39D203671B705BCC008975F2 /* OArray.swift in Sources */,
				398C52701B72FED700C04DC0 /* Array+Util.swift in Sources */,
			);
			runOnlyForDeploymentPostprocessing = 0;
		};
/* End PBXSourcesBuildPhase section */

/* Begin XCBuildConfiguration section */
		39D203611B705B5C008975F2 /* Debug */ = {
			isa = XCBuildConfiguration;
			buildSettings = {
				ALWAYS_SEARCH_USER_PATHS = NO;
				CLANG_CXX_LANGUAGE_STANDARD = "gnu++0x";
				CLANG_CXX_LIBRARY = "libc++";
				CLANG_ENABLE_MODULES = YES;
				CLANG_ENABLE_OBJC_ARC = YES;
				CLANG_WARN_BOOL_CONVERSION = YES;
				CLANG_WARN_CONSTANT_CONVERSION = YES;
				CLANG_WARN_DIRECT_OBJC_ISA_USAGE = YES_ERROR;
				CLANG_WARN_EMPTY_BODY = YES;
				CLANG_WARN_ENUM_CONVERSION = YES;
				CLANG_WARN_INT_CONVERSION = YES;
				CLANG_WARN_OBJC_ROOT_CLASS = YES_ERROR;
				CLANG_WARN_UNREACHABLE_CODE = YES;
				CLANG_WARN__DUPLICATE_METHOD_MATCH = YES;
				COPY_PHASE_STRIP = NO;
				DEBUG_INFORMATION_FORMAT = dwarf;
				ENABLE_STRICT_OBJC_MSGSEND = YES;
				ENABLE_TESTABILITY = YES;
				GCC_C_LANGUAGE_STANDARD = gnu99;
				GCC_DYNAMIC_NO_PIC = NO;
				GCC_NO_COMMON_BLOCKS = YES;
				GCC_OPTIMIZATION_LEVEL = 0;
				GCC_PREPROCESSOR_DEFINITIONS = (
					"DEBUG=1",
					"$(inherited)",
				);
				GCC_WARN_64_TO_32_BIT_CONVERSION = YES;
				GCC_WARN_ABOUT_RETURN_TYPE = YES_ERROR;
				GCC_WARN_UNDECLARED_SELECTOR = YES;
				GCC_WARN_UNINITIALIZED_AUTOS = YES_AGGRESSIVE;
				GCC_WARN_UNUSED_FUNCTION = YES;
				GCC_WARN_UNUSED_VARIABLE = YES;
				MACOSX_DEPLOYMENT_TARGET = 10.10;
				MTL_ENABLE_DEBUG_INFO = YES;
				ONLY_ACTIVE_ARCH = YES;
				SDKROOT = macosx;
				SWIFT_OPTIMIZATION_LEVEL = "-Onone";
			};
			name = Debug;
		};
		39D203621B705B5C008975F2 /* Release */ = {
			isa = XCBuildConfiguration;
			buildSettings = {
				ALWAYS_SEARCH_USER_PATHS = NO;
				CLANG_CXX_LANGUAGE_STANDARD = "gnu++0x";
				CLANG_CXX_LIBRARY = "libc++";
				CLANG_ENABLE_MODULES = YES;
				CLANG_ENABLE_OBJC_ARC = YES;
				CLANG_WARN_BOOL_CONVERSION = YES;
				CLANG_WARN_CONSTANT_CONVERSION = YES;
				CLANG_WARN_DIRECT_OBJC_ISA_USAGE = YES_ERROR;
				CLANG_WARN_EMPTY_BODY = YES;
				CLANG_WARN_ENUM_CONVERSION = YES;
				CLANG_WARN_INT_CONVERSION = YES;
				CLANG_WARN_OBJC_ROOT_CLASS = YES_ERROR;
				CLANG_WARN_UNREACHABLE_CODE = YES;
				CLANG_WARN__DUPLICATE_METHOD_MATCH = YES;
				COPY_PHASE_STRIP = NO;
				DEBUG_INFORMATION_FORMAT = "dwarf-with-dsym";
				ENABLE_NS_ASSERTIONS = NO;
				ENABLE_STRICT_OBJC_MSGSEND = YES;
				GCC_C_LANGUAGE_STANDARD = gnu99;
				GCC_NO_COMMON_BLOCKS = YES;
				GCC_WARN_64_TO_32_BIT_CONVERSION = YES;
				GCC_WARN_ABOUT_RETURN_TYPE = YES_ERROR;
				GCC_WARN_UNDECLARED_SELECTOR = YES;
				GCC_WARN_UNINITIALIZED_AUTOS = YES_AGGRESSIVE;
				GCC_WARN_UNUSED_FUNCTION = YES;
				GCC_WARN_UNUSED_VARIABLE = YES;
				MACOSX_DEPLOYMENT_TARGET = 10.10;
				MTL_ENABLE_DEBUG_INFO = NO;
				SDKROOT = macosx;
			};
			name = Release;
		};
		39D203641B705B5C008975F2 /* Debug */ = {
			isa = XCBuildConfiguration;
			buildSettings = {
				PRODUCT_NAME = "$(TARGET_NAME)";
			};
			name = Debug;
		};
		39D203651B705B5C008975F2 /* Release */ = {
			isa = XCBuildConfiguration;
			buildSettings = {
				PRODUCT_NAME = "$(TARGET_NAME)";
			};
			name = Release;
		};
/* End XCBuildConfiguration section */

/* Begin XCConfigurationList section */
		39D203571B705B5C008975F2 /* Build configuration list for PBXProject "CustomArrayAndDictionary" */ = {
			isa = XCConfigurationList;
			buildConfigurations = (
				39D203611B705B5C008975F2 /* Debug */,
				39D203621B705B5C008975F2 /* Release */,
			);
			defaultConfigurationIsVisible = 0;
			defaultConfigurationName = Release;
		};
		39D203631B705B5C008975F2 /* Build configuration list for PBXNativeTarget "CustomArrayAndDictionary" */ = {
			isa = XCConfigurationList;
			buildConfigurations = (
				39D203641B705B5C008975F2 /* Debug */,
				39D203651B705B5C008975F2 /* Release */,
			);
			defaultConfigurationIsVisible = 0;
			defaultConfigurationName = Release;
		};
/* End XCConfigurationList section */
	};
	rootObject = 39D203541B705B5C008975F2 /* Project object */;
}
